
Microsoft Visual Studio Solution File, Format Version 12.00
# Visual Studio 15
VisualStudioVersion = 15.0.28010.2050
MinimumVisualStudioVersion = 10.0.40219.1
Project("{FAE04EC0-301F-11D3-BF4B-00C04F79EFBC}") = "ServerLaucher", "ServerLaucher\ServerLaucher.csproj", "{906AC9FA-4F8C-46E9-B0CC-D13D24AD7248}"
EndProject
Project("{FAE04EC0-301F-11D3-BF4B-00C04F79EFBC}") = "HttpServer", "HttpServer\HttpServer.csproj", "{91130142-B859-414D-A836-FA9BEAA56624}"
EndProject
Project("{FAE04EC0-301F-11D3-BF4B-00C04F79EFBC}") = "HttpServer.MSTest.Test", "HttpServer.MSTest.Test\HttpServer.MSTest.Test.csproj", "{038CF2CA-447E-4B1B-8C5F-B3241FBA9697}"
EndProject
Global
	GlobalSection(SolutionConfigurationPlatforms) = preSolution
		Debug|Any CPU = Debug|Any CPU
		Release|Any CPU = Release|Any CPU
	EndGlobalSection
	GlobalSection(ProjectConfigurationPlatforms) = postSolution
		{906AC9FA-4F8C-46E9-B0CC-D13D24AD7248}.Debug|Any CPU.ActiveCfg = Debug|Any CPU
		{906AC9FA-4F8C-46E9-B0CC-D13D24AD7248}.Debug|Any CPU.Build.0 = Debug|Any CPU
		{906AC9FA-4F8C-46E9-B0CC-D13D24AD7248}.Release|Any CPU.ActiveCfg = Release|Any CPU
		{906AC9FA-4F8C-46E9-B0CC-D13D24AD7248}.Release|Any CPU.Build.0 = Release|Any CPU
		{91130142-B859-414D-A836-FA9BEAA56624}.Debug|Any CPU.ActiveCfg = Debug|Any CPU
		{91130142-B859-414D-A836-FA9BEAA56624}.Debug|Any CPU.Build.0 = Debug|Any CPU
		{91130142-B859-414D-A836-FA9BEAA56624}.Release|Any CPU.ActiveCfg = Release|Any CPU
		{91130142-B859-414D-A836-FA9BEAA56624}.Release|Any CPU.Build.0 = Release|Any CPU
		{038CF2CA-447E-4B1B-8C5F-B3241FBA9697}.Debug|Any CPU.ActiveCfg = Debug|Any CPU
		{038CF2CA-447E-4B1B-8C5F-B3241FBA9697}.Debug|Any CPU.Build.0 = Debug|Any CPU
		{038CF2CA-447E-4B1B-8C5F-B3241FBA9697}.Release|Any CPU.ActiveCfg = Release|Any CPU
		{038CF2CA-447E-4B1B-8C5F-B3241FBA9697}.Release|Any CPU.Build.0 = Release|Any CPU
	EndGlobalSection
	GlobalSection(SolutionProperties) = preSolution
		HideSolutionNode = FALSE
	EndGlobalSection
	GlobalSection(ExtensibilityGlobals) = postSolution
		SolutionGuid = {32B9D959-FAAD-4CD8-9892-0C5434C6D752}
	EndGlobalSection
EndGlobal
