
Microsoft Visual Studio Solution File, Format Version 12.00
# Visual Studio 15
VisualStudioVersion = 15.0.28307.421
MinimumVisualStudioVersion = 10.0.40219.1
Project("{FAE04EC0-301F-11D3-BF4B-00C04F79EFBC}") = "HttpServer.RequestParser", "HttpServer.RequestParser\HttpServer.RequestParser.csproj", "{E96CF885-0795-40FC-9583-0E36BB3B66AD}"
EndProject
Project("{FAE04EC0-301F-11D3-BF4B-00C04F79EFBC}") = "HttpServer.ConnectionManager", "HttpServer.ConnectionManager\HttpServer.ConnectionManager.csproj", "{748FF407-C043-4DA1-8F7F-6D861CB9F38E}"
EndProject
Project("{FAE04EC0-301F-11D3-BF4B-00C04F79EFBC}") = "HttpServer", "HttpServer\HttpServer.csproj", "{C3A82C83-E230-4338-BBA8-B95E6212172B}"
EndProject
Project("{FAE04EC0-301F-11D3-BF4B-00C04F79EFBC}") = "HttpServerApp", "HttpServerApp\HttpServerApp.csproj", "{1B086121-75DB-41BF-9073-E6508F502410}"
EndProject
Global
	GlobalSection(SolutionConfigurationPlatforms) = preSolution
		Debug|Any CPU = Debug|Any CPU
		Release|Any CPU = Release|Any CPU
	EndGlobalSection
	GlobalSection(ProjectConfigurationPlatforms) = postSolution
		{E96CF885-0795-40FC-9583-0E36BB3B66AD}.Debug|Any CPU.ActiveCfg = Debug|Any CPU
		{E96CF885-0795-40FC-9583-0E36BB3B66AD}.Debug|Any CPU.Build.0 = Debug|Any CPU
		{E96CF885-0795-40FC-9583-0E36BB3B66AD}.Release|Any CPU.ActiveCfg = Release|Any CPU
		{E96CF885-0795-40FC-9583-0E36BB3B66AD}.Release|Any CPU.Build.0 = Release|Any CPU
		{748FF407-C043-4DA1-8F7F-6D861CB9F38E}.Debug|Any CPU.ActiveCfg = Debug|Any CPU
		{748FF407-C043-4DA1-8F7F-6D861CB9F38E}.Debug|Any CPU.Build.0 = Debug|Any CPU
		{748FF407-C043-4DA1-8F7F-6D861CB9F38E}.Release|Any CPU.ActiveCfg = Release|Any CPU
		{748FF407-C043-4DA1-8F7F-6D861CB9F38E}.Release|Any CPU.Build.0 = Release|Any CPU
		{C3A82C83-E230-4338-BBA8-B95E6212172B}.Debug|Any CPU.ActiveCfg = Debug|Any CPU
		{C3A82C83-E230-4338-BBA8-B95E6212172B}.Debug|Any CPU.Build.0 = Debug|Any CPU
		{C3A82C83-E230-4338-BBA8-B95E6212172B}.Release|Any CPU.ActiveCfg = Release|Any CPU
		{C3A82C83-E230-4338-BBA8-B95E6212172B}.Release|Any CPU.Build.0 = Release|Any CPU
		{1B086121-75DB-41BF-9073-E6508F502410}.Debug|Any CPU.ActiveCfg = Debug|Any CPU
		{1B086121-75DB-41BF-9073-E6508F502410}.Debug|Any CPU.Build.0 = Debug|Any CPU
		{1B086121-75DB-41BF-9073-E6508F502410}.Release|Any CPU.ActiveCfg = Release|Any CPU
		{1B086121-75DB-41BF-9073-E6508F502410}.Release|Any CPU.Build.0 = Release|Any CPU
	EndGlobalSection
	GlobalSection(SolutionProperties) = preSolution
		HideSolutionNode = FALSE
	EndGlobalSection
	GlobalSection(ExtensibilityGlobals) = postSolution
		SolutionGuid = {59401135-40B4-4BCA-B0ED-F433853CAF39}
	EndGlobalSection
EndGlobal
